
Microsoft Visual Studio Solution File, Format Version 12.00
# Visual Studio Version 16
VisualStudioVersion = 16.0.30114.105
MinimumVisualStudioVersion = 10.0.40219.1
Project("{FAE04EC0-301F-11D3-BF4B-00C04F79EFBC}") = "src", "src\src.csproj", "{5F88A245-387F-4538-86B9-C7E6A44C662F}"
EndProject
Project("{FAE04EC0-301F-11D3-BF4B-00C04F79EFBC}") = "test", "test\test.csproj", "{6C69FB9D-90FA-4283-A361-ED5288BA04CD}"
EndProject
Global
	GlobalSection(SolutionConfigurationPlatforms) = preSolution
		Debug|Any CPU = Debug|Any CPU
		Release|Any CPU = Release|Any CPU
	EndGlobalSection
	GlobalSection(SolutionProperties) = preSolution
		HideSolutionNode = FALSE
	EndGlobalSection
	GlobalSection(ProjectConfigurationPlatforms) = postSolution
		{5F88A245-387F-4538-86B9-C7E6A44C662F}.Debug|Any CPU.ActiveCfg = Debug|Any CPU
		{5F88A245-387F-4538-86B9-C7E6A44C662F}.Debug|Any CPU.Build.0 = Debug|Any CPU
		{5F88A245-387F-4538-86B9-C7E6A44C662F}.Release|Any CPU.ActiveCfg = Release|Any CPU
		{5F88A245-387F-4538-86B9-C7E6A44C662F}.Release|Any CPU.Build.0 = Release|Any CPU
		{6C69FB9D-90FA-4283-A361-ED5288BA04CD}.Debug|Any CPU.ActiveCfg = Debug|Any CPU
		{6C69FB9D-90FA-4283-A361-ED5288BA04CD}.Debug|Any CPU.Build.0 = Debug|Any CPU
		{6C69FB9D-90FA-4283-A361-ED5288BA04CD}.Release|Any CPU.ActiveCfg = Release|Any CPU
		{6C69FB9D-90FA-4283-A361-ED5288BA04CD}.Release|Any CPU.Build.0 = Release|Any CPU
	EndGlobalSection
EndGlobal
